
Microsoft Visual Studio Solution File, Format Version 12.00
Project("{FAE04EC0-301F-11D3-BF4B-00C04F79EFBC}") = "MicroESport.Joueurs", "MicroESport.Joueurs\MicroESport.Joueurs.csproj", "{9E5EF96D-B481-4F7E-93DC-F03555F45BBA}"
EndProject
Project("{FAE04EC0-301F-11D3-BF4B-00C04F79EFBC}") = "MicroESport.Equipes", "MicroESport.Equipes\MicroESport.Equipes.csproj", "{B67A713F-679F-477B-94D0-38AB7881A3DF}"
EndProject
Global
	GlobalSection(SolutionConfigurationPlatforms) = preSolution
		Debug|Any CPU = Debug|Any CPU
		Release|Any CPU = Release|Any CPU
	EndGlobalSection
	GlobalSection(ProjectConfigurationPlatforms) = postSolution
		{9E5EF96D-B481-4F7E-93DC-F03555F45BBA}.Debug|Any CPU.ActiveCfg = Debug|Any CPU
		{9E5EF96D-B481-4F7E-93DC-F03555F45BBA}.Debug|Any CPU.Build.0 = Debug|Any CPU
		{9E5EF96D-B481-4F7E-93DC-F03555F45BBA}.Release|Any CPU.ActiveCfg = Release|Any CPU
		{9E5EF96D-B481-4F7E-93DC-F03555F45BBA}.Release|Any CPU.Build.0 = Release|Any CPU
		{B67A713F-679F-477B-94D0-38AB7881A3DF}.Debug|Any CPU.ActiveCfg = Debug|Any CPU
		{B67A713F-679F-477B-94D0-38AB7881A3DF}.Debug|Any CPU.Build.0 = Debug|Any CPU
		{B67A713F-679F-477B-94D0-38AB7881A3DF}.Release|Any CPU.ActiveCfg = Release|Any CPU
		{B67A713F-679F-477B-94D0-38AB7881A3DF}.Release|Any CPU.Build.0 = Release|Any CPU
	EndGlobalSection
EndGlobal
